de las olas dulce, salina sea un amor,
colgadas las estrellas de tal perdición,
y la luz baila en sus ojos, que atraviesan,
por una noche triste, no será el dolor.

un beso de miel, por dos de caramelo,
suena cada toque que ellos no lamentan,
y el cielo cae en sus risas, que perdonan,
por una noche vieja, la que si fue ayer.

en la tumba del sol, seremos tan felices,
vuelan por las brisas de una nueva vida,
vuelan y aterrizan en otro frío octubre,
por una noche infinita, sea tan deprisa.

coronado el rey, en la luna y una tierra,
que ellos nunca dejarán de tal querer,
y el río deja de fluir, que no para de amar,
por una noche sola, sin luces de ciudad.

el no deja de quererlo, el no deja de amarlo,
un loco tan loco por unos ojos tan tristes,
un loco tan amado por su risa inconfundible,
por una noche de gracias, una nunca será.

sus brazos se rinden, la corriente los lleva,
sus dias e historias que no serán grises,
viento que habla, tiene mucho por decir,
por una noche en silencio, sola murmulla.

que se caiga el cielo, que brille en el limbo,
y amaría la manera como solías sostenerme,
de un toque lleno de amor, acaba en tristeza,
por una noche nuestra, bajo ninguna mirada.

tras un extraño silencio del sol ausente,
aquel que lamenta más que mil palabras,
¿y qué estaba pasando?, ¿ahora qué será?
por una noche sombría, en ella te veo bailar.

en tanto cariño por un solo dolor, de pronto,
una pizca de café que brilla en sus luces,
tanto que divagan sin saber sus nombres,
por una noche perdida, ¿en dónde estará?

se quiebra el infinito, parpadeo de instante,
bailando y brillando, sola en una ausencia,
sin sentir piedad, él se va sin mirar atrás,
y la noche es infinita, que no para de llorar.